
Microsoft Visual Studio Solution File, Format Version 12.00
# Visual Studio Version 16
VisualStudioVersion = 16.0.31129.286
MinimumVisualStudioVersion = 10.0.40219.1
Project("{8BC9CEB8-8B4A-11D0-8D11-00A0C91BC942}") = "my_memmove", "my_memmove.vcxproj", "{BF8195E5-0C8E-4F56-86C9-8A8C5280053B}"
EndProject
Global
	GlobalSection(SolutionConfigurationPlatforms) = preSolution
		Debug|x64 = Debug|x64
		Debug|x86 = Debug|x86
		Release|x64 = Release|x64
		Release|x86 = Release|x86
	EndGlobalSection
	GlobalSection(ProjectConfigurationPlatforms) = postSolution
		{BF8195E5-0C8E-4F56-86C9-8A8C5280053B}.Debug|x64.ActiveCfg = Debug|x64
		{BF8195E5-0C8E-4F56-86C9-8A8C5280053B}.Debug|x64.Build.0 = Debug|x64
		{BF8195E5-0C8E-4F56-86C9-8A8C5280053B}.Debug|x86.ActiveCfg = Debug|Win32
		{BF8195E5-0C8E-4F56-86C9-8A8C5280053B}.Debug|x86.Build.0 = Debug|Win32
		{BF8195E5-0C8E-4F56-86C9-8A8C5280053B}.Release|x64.ActiveCfg = Release|x64
		{BF8195E5-0C8E-4F56-86C9-8A8C5280053B}.Release|x64.Build.0 = Release|x64
		{BF8195E5-0C8E-4F56-86C9-8A8C5280053B}.Release|x86.ActiveCfg = Release|Win32
		{BF8195E5-0C8E-4F56-86C9-8A8C5280053B}.Release|x86.Build.0 = Release|Win32
	EndGlobalSection
	GlobalSection(SolutionProperties) = preSolution
		HideSolutionNode = FALSE
	EndGlobalSection
	GlobalSection(ExtensibilityGlobals) = postSolution
		SolutionGuid = {6378CE8F-ACC1-4538-9940-DF6D07449678}
	EndGlobalSection
EndGlobal
