
Microsoft Visual Studio Solution File, Format Version 12.00
# Visual Studio Version 16
VisualStudioVersion = 16.0.30804.86
MinimumVisualStudioVersion = 10.0.40219.1
Project("{8BC9CEB8-8B4A-11D0-8D11-00A0C91BC942}") = "回调函数计算器", "回调函数计算器.vcxproj", "{80B44CC5-EABB-40F1-AEE3-5CF02EC3E255}"
EndProject
Global
	GlobalSection(SolutionConfigurationPlatforms) = preSolution
		Debug|x64 = Debug|x64
		Debug|x86 = Debug|x86
		Release|x64 = Release|x64
		Release|x86 = Release|x86
	EndGlobalSection
	GlobalSection(ProjectConfigurationPlatforms) = postSolution
		{80B44CC5-EABB-40F1-AEE3-5CF02EC3E255}.Debug|x64.ActiveCfg = Debug|x64
		{80B44CC5-EABB-40F1-AEE3-5CF02EC3E255}.Debug|x64.Build.0 = Debug|x64
		{80B44CC5-EABB-40F1-AEE3-5CF02EC3E255}.Debug|x86.ActiveCfg = Debug|Win32
		{80B44CC5-EABB-40F1-AEE3-5CF02EC3E255}.Debug|x86.Build.0 = Debug|Win32
		{80B44CC5-EABB-40F1-AEE3-5CF02EC3E255}.Release|x64.ActiveCfg = Release|x64
		{80B44CC5-EABB-40F1-AEE3-5CF02EC3E255}.Release|x64.Build.0 = Release|x64
		{80B44CC5-EABB-40F1-AEE3-5CF02EC3E255}.Release|x86.ActiveCfg = Release|Win32
		{80B44CC5-EABB-40F1-AEE3-5CF02EC3E255}.Release|x86.Build.0 = Release|Win32
	EndGlobalSection
	GlobalSection(SolutionProperties) = preSolution
		HideSolutionNode = FALSE
	EndGlobalSection
	GlobalSection(ExtensibilityGlobals) = postSolution
		SolutionGuid = {69BC1598-E582-4AEA-A70D-4B87E342BA8F}
	EndGlobalSection
EndGlobal
